
Microsoft Visual Studio Solution File, Format Version 12.00
# Visual Studio Version 16
VisualStudioVersion = 16.0.31515.178
MinimumVisualStudioVersion = 10.0.40219.1
Project("{9A19103F-16F7-4668-BE54-9A1E7A4F7556}") = "trimr", "trimr.csproj", "{D0BC8567-0DD4-4013-A4B2-17F7E5268ACC}"
EndProject
Global
	GlobalSection(SolutionConfigurationPlatforms) = preSolution
		Debug|Any CPU = Debug|Any CPU
		Release|Any CPU = Release|Any CPU
	EndGlobalSection
	GlobalSection(ProjectConfigurationPlatforms) = postSolution
		{D0BC8567-0DD4-4013-A4B2-17F7E5268ACC}.Debug|Any CPU.ActiveCfg = Debug|Any CPU
		{D0BC8567-0DD4-4013-A4B2-17F7E5268ACC}.Debug|Any CPU.Build.0 = Debug|Any CPU
		{D0BC8567-0DD4-4013-A4B2-17F7E5268ACC}.Release|Any CPU.ActiveCfg = Release|Any CPU
		{D0BC8567-0DD4-4013-A4B2-17F7E5268ACC}.Release|Any CPU.Build.0 = Release|Any CPU
	EndGlobalSection
	GlobalSection(SolutionProperties) = preSolution
		HideSolutionNode = FALSE
	EndGlobalSection
	GlobalSection(ExtensibilityGlobals) = postSolution
		SolutionGuid = {02C06633-2664-488B-8209-35112711A4FA}
	EndGlobalSection
EndGlobal
